
Microsoft Visual Studio Solution File, Format Version 12.00
# Visual Studio Version 17
VisualStudioVersion = 17.0.31903.59
MinimumVisualStudioVersion = 10.0.40219.1
Project("{2150E333-8FDC-42A3-9474-1A3956D46DE8}") = "backend", "backend", "{1AE8ACA6-933B-BF2A-3671-3E2EAC007D16}"
EndProject
Project("{2150E333-8FDC-42A3-9474-1A3956D46DE8}") = "src", "src", "{0F9113EE-888A-26D2-68B0-4A7D0A2A8745}"
EndProject
Project("{FAE04EC0-301F-11D3-BF4B-00C04F79EFBC}") = "Hrm.Domain.Shared", "backend\src\Hrm.Domain.Shared\Hrm.Domain.Shared.csproj", "{BE6F3B90-3C19-4D08-8C01-AF88F5E36554}"
EndProject
Project("{FAE04EC0-301F-11D3-BF4B-00C04F79EFBC}") = "Hrm.Domain", "backend\src\Hrm.Domain\Hrm.Domain.csproj", "{B9F6697D-9437-46A6-9521-B1502DD94CAA}"
EndProject
Project("{FAE04EC0-301F-11D3-BF4B-00C04F79EFBC}") = "Hrm.Application", "backend\src\Hrm.Application\Hrm.Application.csproj", "{223A9D38-114A-4097-A1EB-1C2B03562A5F}"
EndProject
Project("{FAE04EC0-301F-11D3-BF4B-00C04F79EFBC}") = "Hrm.Infrastructure", "backend\src\Hrm.Infrastructure\Hrm.Infrastructure.csproj", "{4D68E33A-702F-4C61-B7DA-51361D25DCD9}"
EndProject
Project("{FAE04EC0-301F-11D3-BF4B-00C04F79EFBC}") = "Hrm.Host", "backend\src\Hrm.Host\Hrm.Host.csproj", "{108419C9-EEB6-4069-B6F9-5A80E11FA1D2}"
EndProject
Project("{FAE04EC0-301F-11D3-BF4B-00C04F79EFBC}") = "Hrm.Domain.Tests", "unittest\Hrm.Domain.Tests\Hrm.Domain.Tests.csproj", "{8971FD55-F719-482E-B0F0-29283F015EE4}"
EndProject
Project("{FAE04EC0-301F-11D3-BF4B-00C04F79EFBC}") = "Hrm.Application.Tests", "unittest\Hrm.Application.Tests\Hrm.Application.Tests.csproj", "{E23EDE06-0289-4888-9327-4AAC8BA32CDC}"
EndProject
Global
	GlobalSection(SolutionConfigurationPlatforms) = preSolution
		Debug|Any CPU = Debug|Any CPU
		Debug|x64 = Debug|x64
		Debug|x86 = Debug|x86
		Release|Any CPU = Release|Any CPU
		Release|x64 = Release|x64
		Release|x86 = Release|x86
	EndGlobalSection
	GlobalSection(ProjectConfigurationPlatforms) = postSolution
		{BE6F3B90-3C19-4D08-8C01-AF88F5E36554}.Debug|Any CPU.ActiveCfg = Debug|Any CPU
		{BE6F3B90-3C19-4D08-8C01-AF88F5E36554}.Debug|Any CPU.Build.0 = Debug|Any CPU
		{BE6F3B90-3C19-4D08-8C01-AF88F5E36554}.Debug|x64.ActiveCfg = Debug|Any CPU
		{BE6F3B90-3C19-4D08-8C01-AF88F5E36554}.Debug|x64.Build.0 = Debug|Any CPU
		{BE6F3B90-3C19-4D08-8C01-AF88F5E36554}.Debug|x86.ActiveCfg = Debug|Any CPU
		{BE6F3B90-3C19-4D08-8C01-AF88F5E36554}.Debug|x86.Build.0 = Debug|Any CPU
		{BE6F3B90-3C19-4D08-8C01-AF88F5E36554}.Release|Any CPU.ActiveCfg = Release|Any CPU
		{BE6F3B90-3C19-4D08-8C01-AF88F5E36554}.Release|Any CPU.Build.0 = Release|Any CPU
		{BE6F3B90-3C19-4D08-8C01-AF88F5E36554}.Release|x64.ActiveCfg = Release|Any CPU
		{BE6F3B90-3C19-4D08-8C01-AF88F5E36554}.Release|x64.Build.0 = Release|Any CPU
		{BE6F3B90-3C19-4D08-8C01-AF88F5E36554}.Release|x86.ActiveCfg = Release|Any CPU
		{BE6F3B90-3C19-4D08-8C01-AF88F5E36554}.Release|x86.Build.0 = Release|Any CPU
		{B9F6697D-9437-46A6-9521-B1502DD94CAA}.Debug|Any CPU.ActiveCfg = Debug|Any CPU
		{B9F6697D-9437-46A6-9521-B1502DD94CAA}.Debug|Any CPU.Build.0 = Debug|Any CPU
		{B9F6697D-9437-46A6-9521-B1502DD94CAA}.Debug|x64.ActiveCfg = Debug|Any CPU
		{B9F6697D-9437-46A6-9521-B1502DD94CAA}.Debug|x64.Build.0 = Debug|Any CPU
		{B9F6697D-9437-46A6-9521-B1502DD94CAA}.Debug|x86.ActiveCfg = Debug|Any CPU
		{B9F6697D-9437-46A6-9521-B1502DD94CAA}.Debug|x86.Build.0 = Debug|Any CPU
		{B9F6697D-9437-46A6-9521-B1502DD94CAA}.Release|Any CPU.ActiveCfg = Release|Any CPU
		{B9F6697D-9437-46A6-9521-B1502DD94CAA}.Release|Any CPU.Build.0 = Release|Any CPU
		{B9F6697D-9437-46A6-9521-B1502DD94CAA}.Release|x64.ActiveCfg = Release|Any CPU
		{B9F6697D-9437-46A6-9521-B1502DD94CAA}.Release|x64.Build.0 = Release|Any CPU
		{B9F6697D-9437-46A6-9521-B1502DD94CAA}.Release|x86.ActiveCfg = Release|Any CPU
		{B9F6697D-9437-46A6-9521-B1502DD94CAA}.Release|x86.Build.0 = Release|Any CPU
		{223A9D38-114A-4097-A1EB-1C2B03562A5F}.Debug|Any CPU.ActiveCfg = Debug|Any CPU
		{223A9D38-114A-4097-A1EB-1C2B03562A5F}.Debug|Any CPU.Build.0 = Debug|Any CPU
		{223A9D38-114A-4097-A1EB-1C2B03562A5F}.Debug|x64.ActiveCfg = Debug|Any CPU
		{223A9D38-114A-4097-A1EB-1C2B03562A5F}.Debug|x64.Build.0 = Debug|Any CPU
		{223A9D38-114A-4097-A1EB-1C2B03562A5F}.Debug|x86.ActiveCfg = Debug|Any CPU
		{223A9D38-114A-4097-A1EB-1C2B03562A5F}.Debug|x86.Build.0 = Debug|Any CPU
		{223A9D38-114A-4097-A1EB-1C2B03562A5F}.Release|Any CPU.ActiveCfg = Release|Any CPU
		{223A9D38-114A-4097-A1EB-1C2B03562A5F}.Release|Any CPU.Build.0 = Release|Any CPU
		{223A9D38-114A-4097-A1EB-1C2B03562A5F}.Release|x64.ActiveCfg = Release|Any CPU
		{223A9D38-114A-4097-A1EB-1C2B03562A5F}.Release|x64.Build.0 = Release|Any CPU
		{223A9D38-114A-4097-A1EB-1C2B03562A5F}.Release|x86.ActiveCfg = Release|Any CPU
		{223A9D38-114A-4097-A1EB-1C2B03562A5F}.Release|x86.Build.0 = Release|Any CPU
		{4D68E33A-702F-4C61-B7DA-51361D25DCD9}.Debug|Any CPU.ActiveCfg = Debug|Any CPU
		{4D68E33A-702F-4C61-B7DA-51361D25DCD9}.Debug|Any CPU.Build.0 = Debug|Any CPU
		{4D68E33A-702F-4C61-B7DA-51361D25DCD9}.Debug|x64.ActiveCfg = Debug|Any CPU
		{4D68E33A-702F-4C61-B7DA-51361D25DCD9}.Debug|x64.Build.0 = Debug|Any CPU
		{4D68E33A-702F-4C61-B7DA-51361D25DCD9}.Debug|x86.ActiveCfg = Debug|Any CPU
		{4D68E33A-702F-4C61-B7DA-51361D25DCD9}.Debug|x86.Build.0 = Debug|Any CPU
		{4D68E33A-702F-4C61-B7DA-51361D25DCD9}.Release|Any CPU.ActiveCfg = Release|Any CPU
		{4D68E33A-702F-4C61-B7DA-51361D25DCD9}.Release|Any CPU.Build.0 = Release|Any CPU
		{4D68E33A-702F-4C61-B7DA-51361D25DCD9}.Release|x64.ActiveCfg = Release|Any CPU
		{4D68E33A-702F-4C61-B7DA-51361D25DCD9}.Release|x64.Build.0 = Release|Any CPU
		{4D68E33A-702F-4C61-B7DA-51361D25DCD9}.Release|x86.ActiveCfg = Release|Any CPU
		{4D68E33A-702F-4C61-B7DA-51361D25DCD9}.Release|x86.Build.0 = Release|Any CPU
		{108419C9-EEB6-4069-B6F9-5A80E11FA1D2}.Debug|Any CPU.ActiveCfg = Debug|Any CPU
		{108419C9-EEB6-4069-B6F9-5A80E11FA1D2}.Debug|Any CPU.Build.0 = Debug|Any CPU
		{108419C9-EEB6-4069-B6F9-5A80E11FA1D2}.Debug|x64.ActiveCfg = Debug|Any CPU
		{108419C9-EEB6-4069-B6F9-5A80E11FA1D2}.Debug|x64.Build.0 = Debug|Any CPU
		{108419C9-EEB6-4069-B6F9-5A80E11FA1D2}.Debug|x86.ActiveCfg = Debug|Any CPU
		{108419C9-EEB6-4069-B6F9-5A80E11FA1D2}.Debug|x86.Build.0 = Debug|Any CPU
		{108419C9-EEB6-4069-B6F9-5A80E11FA1D2}.Release|Any CPU.ActiveCfg = Release|Any CPU
		{108419C9-EEB6-4069-B6F9-5A80E11FA1D2}.Release|Any CPU.Build.0 = Release|Any CPU
		{108419C9-EEB6-4069-B6F9-5A80E11FA1D2}.Release|x64.ActiveCfg = Release|Any CPU
		{108419C9-EEB6-4069-B6F9-5A80E11FA1D2}.Release|x64.Build.0 = Release|Any CPU
		{108419C9-EEB6-4069-B6F9-5A80E11FA1D2}.Release|x86.ActiveCfg = Release|Any CPU
		{108419C9-EEB6-4069-B6F9-5A80E11FA1D2}.Release|x86.Build.0 = Release|Any CPU
		{8971FD55-F719-482E-B0F0-29283F015EE4}.Debug|Any CPU.ActiveCfg = Debug|Any CPU
		{8971FD55-F719-482E-B0F0-29283F015EE4}.Debug|Any CPU.Build.0 = Debug|Any CPU
		{8971FD55-F719-482E-B0F0-29283F015EE4}.Debug|x64.ActiveCfg = Debug|Any CPU
		{8971FD55-F719-482E-B0F0-29283F015EE4}.Debug|x64.Build.0 = Debug|Any CPU
		{8971FD55-F719-482E-B0F0-29283F015EE4}.Debug|x86.ActiveCfg = Debug|Any CPU
		{8971FD55-F719-482E-B0F0-29283F015EE4}.Debug|x86.Build.0 = Debug|Any CPU
		{8971FD55-F719-482E-B0F0-29283F015EE4}.Release|Any CPU.ActiveCfg = Release|Any CPU
		{8971FD55-F719-482E-B0F0-29283F015EE4}.Release|Any CPU.Build.0 = Release|Any CPU
		{8971FD55-F719-482E-B0F0-29283F015EE4}.Release|x64.ActiveCfg = Release|Any CPU
		{8971FD55-F719-482E-B0F0-29283F015EE4}.Release|x64.Build.0 = Release|Any CPU
		{8971FD55-F719-482E-B0F0-29283F015EE4}.Release|x86.ActiveCfg = Release|Any CPU
		{8971FD55-F719-482E-B0F0-29283F015EE4}.Release|x86.Build.0 = Release|Any CPU
		{E23EDE06-0289-4888-9327-4AAC8BA32CDC}.Debug|Any CPU.ActiveCfg = Debug|Any CPU
		{E23EDE06-0289-4888-9327-4AAC8BA32CDC}.Debug|Any CPU.Build.0 = Debug|Any CPU
		{E23EDE06-0289-4888-9327-4AAC8BA32CDC}.Debug|x64.ActiveCfg = Debug|Any CPU
		{E23EDE06-0289-4888-9327-4AAC8BA32CDC}.Debug|x64.Build.0 = Debug|Any CPU
		{E23EDE06-0289-4888-9327-4AAC8BA32CDC}.Debug|x86.ActiveCfg = Debug|Any CPU
		{E23EDE06-0289-4888-9327-4AAC8BA32CDC}.Debug|x86.Build.0 = Debug|Any CPU
		{E23EDE06-0289-4888-9327-4AAC8BA32CDC}.Release|Any CPU.ActiveCfg = Release|Any CPU
		{E23EDE06-0289-4888-9327-4AAC8BA32CDC}.Release|Any CPU.Build.0 = Release|Any CPU
		{E23EDE06-0289-4888-9327-4AAC8BA32CDC}.Release|x64.ActiveCfg = Release|Any CPU
		{E23EDE06-0289-4888-9327-4AAC8BA32CDC}.Release|x64.Build.0 = Release|Any CPU
		{E23EDE06-0289-4888-9327-4AAC8BA32CDC}.Release|x86.ActiveCfg = Release|Any CPU
		{E23EDE06-0289-4888-9327-4AAC8BA32CDC}.Release|x86.Build.0 = Release|Any CPU
	EndGlobalSection
	GlobalSection(SolutionProperties) = preSolution
		HideSolutionNode = FALSE
	EndGlobalSection
	GlobalSection(NestedProjects) = preSolution
		{0F9113EE-888A-26D2-68B0-4A7D0A2A8745} = {1AE8ACA6-933B-BF2A-3671-3E2EAC007D16}
		{BE6F3B90-3C19-4D08-8C01-AF88F5E36554} = {0F9113EE-888A-26D2-68B0-4A7D0A2A8745}
		{B9F6697D-9437-46A6-9521-B1502DD94CAA} = {0F9113EE-888A-26D2-68B0-4A7D0A2A8745}
		{223A9D38-114A-4097-A1EB-1C2B03562A5F} = {0F9113EE-888A-26D2-68B0-4A7D0A2A8745}
		{4D68E33A-702F-4C61-B7DA-51361D25DCD9} = {0F9113EE-888A-26D2-68B0-4A7D0A2A8745}
		{108419C9-EEB6-4069-B6F9-5A80E11FA1D2} = {0F9113EE-888A-26D2-68B0-4A7D0A2A8745}
		{8971FD55-F719-482E-B0F0-29283F015EE4} = {0F9113EE-888A-26D2-68B0-4A7D0A2A8745}
		{E23EDE06-0289-4888-9327-4AAC8BA32CDC} = {0F9113EE-888A-26D2-68B0-4A7D0A2A8745}
	EndGlobalSection
EndGlobal
